
Microsoft Visual Studio Solution File, Format Version 12.00
# Visual Studio Version 17
VisualStudioVersion = 17.6.33829.357
MinimumVisualStudioVersion = 10.0.40219.1
Project("{FAE04EC0-301F-11D3-BF4B-00C04F79EFBC}") = "TQprogram", "TQprogram.csproj", "{4737F553-74D1-416A-896A-E953F3EFA106}"
EndProject
Global
	GlobalSection(SolutionConfigurationPlatforms) = preSolution
		Debug|Any CPU = Debug|Any CPU
		Release|Any CPU = Release|Any CPU
	EndGlobalSection
	GlobalSection(ProjectConfigurationPlatforms) = postSolution
		{4737F553-74D1-416A-896A-E953F3EFA106}.Debug|Any CPU.ActiveCfg = Debug|Any CPU
		{4737F553-74D1-416A-896A-E953F3EFA106}.Debug|Any CPU.Build.0 = Debug|Any CPU
		{4737F553-74D1-416A-896A-E953F3EFA106}.Release|Any CPU.ActiveCfg = Release|Any CPU
		{4737F553-74D1-416A-896A-E953F3EFA106}.Release|Any CPU.Build.0 = Release|Any CPU
	EndGlobalSection
	GlobalSection(SolutionProperties) = preSolution
		HideSolutionNode = FALSE
	EndGlobalSection
	GlobalSection(ExtensibilityGlobals) = postSolution
		SolutionGuid = {E5BD4DE4-12D6-44DA-A718-D6CCAC590E5B}
	EndGlobalSection
EndGlobal
